
Microsoft Visual Studio Solution File, Format Version 12.00
# Visual Studio Version 17
VisualStudioVersion = 17.0.31903.59
MinimumVisualStudioVersion = 10.0.40219.1
Project("{9A19103F-16F7-4668-BE54-9A1E7A4F7556}") = "TrilhaApiDesafio", "TrilhaApiDesafio.csproj", "{5BF7E29B-29E3-48A2-B67A-3385A8E7BC20}"
EndProject
Global
	GlobalSection(SolutionConfigurationPlatforms) = preSolution
		Debug|Any CPU = Debug|Any CPU
		Release|Any CPU = Release|Any CPU
	EndGlobalSection
	GlobalSection(ProjectConfigurationPlatforms) = postSolution
		{5BF7E29B-29E3-48A2-B67A-3385A8E7BC20}.Debug|Any CPU.ActiveCfg = Debug|Any CPU
		{5BF7E29B-29E3-48A2-B67A-3385A8E7BC20}.Debug|Any CPU.Build.0 = Debug|Any CPU
		{5BF7E29B-29E3-48A2-B67A-3385A8E7BC20}.Release|Any CPU.ActiveCfg = Release|Any CPU
		{5BF7E29B-29E3-48A2-B67A-3385A8E7BC20}.Release|Any CPU.Build.0 = Release|Any CPU
	EndGlobalSection
	GlobalSection(SolutionProperties) = preSolution
		HideSolutionNode = FALSE
	EndGlobalSection
EndGlobal
